# This file was autogenerated by Stack.
# You should not edit this file by hand.
# For more information, please see the documentation at:
#   https://docs.haskellstack.org/en/stable/lock_files

packages:
- completed:
    hackage: cobot-io-0.1.4.4@sha256:71578d360c19c59f58d2775ef83c2180e6271e422e8a9aef1e9498ee535af9a4,6879
    pantry-tree:
      size: 9539
      sha256: c80163eaf0e02b35970a3f0b7025e1f5d18470d3163832f7f148bd57d440424d
  original:
    hackage: cobot-io-0.1.4.4
- completed:
    hackage: cobot-0.1.1.7@sha256:4645f625dca1b60448cc8a93ac460c1f0eb2b26f576b8f912ab44267f8f64c4b,4279
    pantry-tree:
      size: 2103
      sha256: 4511bb35d30bcb2d6737e7746dcea96e862f8c95b0cc3e3641a4474e05966990
  original:
    hackage: cobot-0.1.1.7
- completed:
    hackage: hyraxAbif-0.2.3.27@sha256:d9ec869dbdd83adf5bb537655247fcbe573c713f4585e6298a3219b362720f99,5667
    pantry-tree:
      size: 1700
      sha256: 6120c39026c61f375859fe025dd35f399ed5c7d9ba5011cfa4189774605e9a09
  original:
    hackage: hyraxAbif-0.2.3.27
- completed:
    hackage: protolude-0.3.0@sha256:8361b811b420585b122a7ba715aa5923834db6e8c36309bf267df2dbf66b95ef,2693
    pantry-tree:
      size: 1644
      sha256: babf32b414f25f790b7a4ce6bae5c960bc51a11a289e7c47335b222e6762560c
  original:
    hackage: protolude-0.3.0
snapshots:
- completed:
    size: 565266
    url: https://raw.githubusercontent.com/commercialhaskell/stackage-snapshots/master/lts/17/5.yaml
    sha256: 78e8ebabf11406261abbc95b44f240acf71802630b368888f6d758de7fc3a2f7
  original: lts-17.5
